
Microsoft Visual Studio Solution File, Format Version 12.00
# Visual Studio Version 17
VisualStudioVersion = 17.4.33403.182
MinimumVisualStudioVersion = 10.0.40219.1
Project("{FAE04EC0-301F-11D3-BF4B-00C04F79EFBC}") = "Armala.RappelzClientUpdater", "Armala.RappelzClientUpdater.csproj", "{755764F1-ECB6-41DE-8D2E-9C3673988F2D}"
EndProject
Global
	GlobalSection(SolutionConfigurationPlatforms) = preSolution
		Debug|Any CPU = Debug|Any CPU
		Release|Any CPU = Release|Any CPU
	EndGlobalSection
	GlobalSection(ProjectConfigurationPlatforms) = postSolution
		{755764F1-ECB6-41DE-8D2E-9C3673988F2D}.Debug|Any CPU.ActiveCfg = Debug|Any CPU
		{755764F1-ECB6-41DE-8D2E-9C3673988F2D}.Debug|Any CPU.Build.0 = Debug|Any CPU
		{755764F1-ECB6-41DE-8D2E-9C3673988F2D}.Release|Any CPU.ActiveCfg = Release|Any CPU
		{755764F1-ECB6-41DE-8D2E-9C3673988F2D}.Release|Any CPU.Build.0 = Release|Any CPU
	EndGlobalSection
	GlobalSection(SolutionProperties) = preSolution
		HideSolutionNode = FALSE
	EndGlobalSection
	GlobalSection(ExtensibilityGlobals) = postSolution
		SolutionGuid = {5A0E3D5F-9E1F-4063-A26B-61DF4BB0C880}
	EndGlobalSection
EndGlobal
